
Microsoft Visual Studio Solution File, Format Version 12.00
# Visual Studio 15
VisualStudioVersion = 15.0.27428.2005
MinimumVisualStudioVersion = 10.0.40219.1
Project("{FAE04EC0-301F-11D3-BF4B-00C04F79EFBC}") = "BancoTabajara", "BancoTabajara\BancoTabajara.csproj", "{5D15C987-C2B7-41EC-9A95-0B2B92C17143}"
EndProject
Project("{2150E333-8FDC-42A3-9474-1A3956D46DE8}") = "1. Distributed Services", "1. Distributed Services", "{BF5D4245-65A4-48D6-869A-3CE7D180D757}"
EndProject
Project("{2150E333-8FDC-42A3-9474-1A3956D46DE8}") = "2. Application", "2. Application", "{27276F9E-C923-453E-B499-7BF4AC06E908}"
EndProject
Project("{2150E333-8FDC-42A3-9474-1A3956D46DE8}") = "3. Domain", "3. Domain", "{DC973614-592E-487B-8DDE-0032998B5871}"
EndProject
Project("{2150E333-8FDC-42A3-9474-1A3956D46DE8}") = "4. Infrasstructure", "4. Infrasstructure", "{D97422F9-E95A-4FC0-B4C2-71B81F361822}"
EndProject
Project("{2150E333-8FDC-42A3-9474-1A3956D46DE8}") = "Tests", "Tests", "{99E98731-467F-4565-BC27-F6A407D5F2AB}"
EndProject
Project("{FAE04EC0-301F-11D3-BF4B-00C04F79EFBC}") = "BancoTabajara.Domain", "BancoTabajara.Domain\BancoTabajara.Domain.csproj", "{41A1988D-54C0-4AA3-8938-4DD1D047EBC4}"
EndProject
Project("{FAE04EC0-301F-11D3-BF4B-00C04F79EFBC}") = "BancoTabajara.Infra", "BancoTabajara.Infra\BancoTabajara.Infra.csproj", "{E5549162-FE9E-492D-8A66-9533C9E8E452}"
EndProject
Project("{FAE04EC0-301F-11D3-BF4B-00C04F79EFBC}") = "BancoTabajara.Infra.ORM", "BancoTabajara.Infra.ORM\BancoTabajara.Infra.ORM.csproj", "{71A58BE2-18A8-478E-999B-29A6D12DE71A}"
EndProject
Project("{FAE04EC0-301F-11D3-BF4B-00C04F79EFBC}") = "BancoTabajara.Common.Tests", "BancoTabajara.Common.Tests\BancoTabajara.Common.Tests.csproj", "{458D8484-7126-4EF9-8237-D6B1C720EE05}"
EndProject
Project("{FAE04EC0-301F-11D3-BF4B-00C04F79EFBC}") = "BancoTabajara.Domain.Tests", "BancoTabajara.Domain.Test\BancoTabajara.Domain.Tests.csproj", "{EE92BE6F-C097-4E1A-85CC-21BEBD3A6F7B}"
EndProject
Project("{FAE04EC0-301F-11D3-BF4B-00C04F79EFBC}") = "BancoTabajara.Infra.ORM.Tests", "BancoTabajara.Infra.ORM.Tests\BancoTabajara.Infra.ORM.Tests.csproj", "{253A19BC-8190-4A8D-A731-316B14550C50}"
EndProject
Project("{FAE04EC0-301F-11D3-BF4B-00C04F79EFBC}") = "BancoTabajara.Application", "BancoTabajara.Application\BancoTabajara.Application.csproj", "{A7FBFC78-294A-4D40-8758-0669FACE3A8D}"
EndProject
Project("{FAE04EC0-301F-11D3-BF4B-00C04F79EFBC}") = "BancoTabajara.Application.Tests", "BancoTabajara.Application.Tests\BancoTabajara.Application.Tests.csproj", "{0DC9448D-01F7-429D-AE7A-5325EC2E0DB6}"
EndProject
Project("{FAE04EC0-301F-11D3-BF4B-00C04F79EFBC}") = "BancoTabajara.Controller.Tests", "BancoTabajara.Controller.Tests\BancoTabajara.Controller.Tests.csproj", "{094301B6-2000-4370-9B07-D27B83B971CD}"
EndProject
Global
	GlobalSection(SolutionConfigurationPlatforms) = preSolution
		Debug|Any CPU = Debug|Any CPU
		Release|Any CPU = Release|Any CPU
	EndGlobalSection
	GlobalSection(ProjectConfigurationPlatforms) = postSolution
		{5D15C987-C2B7-41EC-9A95-0B2B92C17143}.Debug|Any CPU.ActiveCfg = Debug|Any CPU
		{5D15C987-C2B7-41EC-9A95-0B2B92C17143}.Debug|Any CPU.Build.0 = Debug|Any CPU
		{5D15C987-C2B7-41EC-9A95-0B2B92C17143}.Release|Any CPU.ActiveCfg = Release|Any CPU
		{5D15C987-C2B7-41EC-9A95-0B2B92C17143}.Release|Any CPU.Build.0 = Release|Any CPU
		{41A1988D-54C0-4AA3-8938-4DD1D047EBC4}.Debug|Any CPU.ActiveCfg = Debug|Any CPU
		{41A1988D-54C0-4AA3-8938-4DD1D047EBC4}.Debug|Any CPU.Build.0 = Debug|Any CPU
		{41A1988D-54C0-4AA3-8938-4DD1D047EBC4}.Release|Any CPU.ActiveCfg = Release|Any CPU
		{41A1988D-54C0-4AA3-8938-4DD1D047EBC4}.Release|Any CPU.Build.0 = Release|Any CPU
		{E5549162-FE9E-492D-8A66-9533C9E8E452}.Debug|Any CPU.ActiveCfg = Debug|Any CPU
		{E5549162-FE9E-492D-8A66-9533C9E8E452}.Debug|Any CPU.Build.0 = Debug|Any CPU
		{E5549162-FE9E-492D-8A66-9533C9E8E452}.Release|Any CPU.ActiveCfg = Release|Any CPU
		{E5549162-FE9E-492D-8A66-9533C9E8E452}.Release|Any CPU.Build.0 = Release|Any CPU
		{71A58BE2-18A8-478E-999B-29A6D12DE71A}.Debug|Any CPU.ActiveCfg = Debug|Any CPU
		{71A58BE2-18A8-478E-999B-29A6D12DE71A}.Debug|Any CPU.Build.0 = Debug|Any CPU
		{71A58BE2-18A8-478E-999B-29A6D12DE71A}.Release|Any CPU.ActiveCfg = Release|Any CPU
		{71A58BE2-18A8-478E-999B-29A6D12DE71A}.Release|Any CPU.Build.0 = Release|Any CPU
		{458D8484-7126-4EF9-8237-D6B1C720EE05}.Debug|Any CPU.ActiveCfg = Debug|Any CPU
		{458D8484-7126-4EF9-8237-D6B1C720EE05}.Debug|Any CPU.Build.0 = Debug|Any CPU
		{458D8484-7126-4EF9-8237-D6B1C720EE05}.Release|Any CPU.ActiveCfg = Release|Any CPU
		{458D8484-7126-4EF9-8237-D6B1C720EE05}.Release|Any CPU.Build.0 = Release|Any CPU
		{EE92BE6F-C097-4E1A-85CC-21BEBD3A6F7B}.Debug|Any CPU.ActiveCfg = Debug|Any CPU
		{EE92BE6F-C097-4E1A-85CC-21BEBD3A6F7B}.Debug|Any CPU.Build.0 = Debug|Any CPU
		{EE92BE6F-C097-4E1A-85CC-21BEBD3A6F7B}.Release|Any CPU.ActiveCfg = Release|Any CPU
		{EE92BE6F-C097-4E1A-85CC-21BEBD3A6F7B}.Release|Any CPU.Build.0 = Release|Any CPU
		{253A19BC-8190-4A8D-A731-316B14550C50}.Debug|Any CPU.ActiveCfg = Debug|Any CPU
		{253A19BC-8190-4A8D-A731-316B14550C50}.Debug|Any CPU.Build.0 = Debug|Any CPU
		{253A19BC-8190-4A8D-A731-316B14550C50}.Release|Any CPU.ActiveCfg = Release|Any CPU
		{253A19BC-8190-4A8D-A731-316B14550C50}.Release|Any CPU.Build.0 = Release|Any CPU
		{A7FBFC78-294A-4D40-8758-0669FACE3A8D}.Debug|Any CPU.ActiveCfg = Debug|Any CPU
		{A7FBFC78-294A-4D40-8758-0669FACE3A8D}.Debug|Any CPU.Build.0 = Debug|Any CPU
		{A7FBFC78-294A-4D40-8758-0669FACE3A8D}.Release|Any CPU.ActiveCfg = Release|Any CPU
		{A7FBFC78-294A-4D40-8758-0669FACE3A8D}.Release|Any CPU.Build.0 = Release|Any CPU
		{0DC9448D-01F7-429D-AE7A-5325EC2E0DB6}.Debug|Any CPU.ActiveCfg = Debug|Any CPU
		{0DC9448D-01F7-429D-AE7A-5325EC2E0DB6}.Debug|Any CPU.Build.0 = Debug|Any CPU
		{0DC9448D-01F7-429D-AE7A-5325EC2E0DB6}.Release|Any CPU.ActiveCfg = Release|Any CPU
		{0DC9448D-01F7-429D-AE7A-5325EC2E0DB6}.Release|Any CPU.Build.0 = Release|Any CPU
		{094301B6-2000-4370-9B07-D27B83B971CD}.Debug|Any CPU.ActiveCfg = Debug|Any CPU
		{094301B6-2000-4370-9B07-D27B83B971CD}.Debug|Any CPU.Build.0 = Debug|Any CPU
		{094301B6-2000-4370-9B07-D27B83B971CD}.Release|Any CPU.ActiveCfg = Release|Any CPU
		{094301B6-2000-4370-9B07-D27B83B971CD}.Release|Any CPU.Build.0 = Release|Any CPU
	EndGlobalSection
	GlobalSection(SolutionProperties) = preSolution
		HideSolutionNode = FALSE
	EndGlobalSection
	GlobalSection(NestedProjects) = preSolution
		{5D15C987-C2B7-41EC-9A95-0B2B92C17143} = {BF5D4245-65A4-48D6-869A-3CE7D180D757}
		{41A1988D-54C0-4AA3-8938-4DD1D047EBC4} = {DC973614-592E-487B-8DDE-0032998B5871}
		{E5549162-FE9E-492D-8A66-9533C9E8E452} = {D97422F9-E95A-4FC0-B4C2-71B81F361822}
		{71A58BE2-18A8-478E-999B-29A6D12DE71A} = {D97422F9-E95A-4FC0-B4C2-71B81F361822}
		{458D8484-7126-4EF9-8237-D6B1C720EE05} = {99E98731-467F-4565-BC27-F6A407D5F2AB}
		{EE92BE6F-C097-4E1A-85CC-21BEBD3A6F7B} = {99E98731-467F-4565-BC27-F6A407D5F2AB}
		{253A19BC-8190-4A8D-A731-316B14550C50} = {99E98731-467F-4565-BC27-F6A407D5F2AB}
		{A7FBFC78-294A-4D40-8758-0669FACE3A8D} = {27276F9E-C923-453E-B499-7BF4AC06E908}
		{0DC9448D-01F7-429D-AE7A-5325EC2E0DB6} = {99E98731-467F-4565-BC27-F6A407D5F2AB}
		{094301B6-2000-4370-9B07-D27B83B971CD} = {99E98731-467F-4565-BC27-F6A407D5F2AB}
	EndGlobalSection
	GlobalSection(ExtensibilityGlobals) = postSolution
		SolutionGuid = {CBA73B9A-5276-4820-B022-057B12470475}
	EndGlobalSection
EndGlobal
