
Microsoft Visual Studio Solution File, Format Version 12.00
# Visual Studio 15
VisualStudioVersion = 15.0.27428.2005
MinimumVisualStudioVersion = 10.0.40219.1
Project("{FAE04EC0-301F-11D3-BF4B-00C04F79EFBC}") = "DonaLaura", "DonaLaura\DonaLaura.csproj", "{2EEEACD0-4129-4DCD-82CC-1D409A7BE143}"
EndProject
Project("{2150E333-8FDC-42A3-9474-1A3956D46DE8}") = "1. Presentation", "1. Presentation", "{11A7BF42-4A27-4B97-906C-D55C7E703B1D}"
EndProject
Project("{2150E333-8FDC-42A3-9474-1A3956D46DE8}") = "2. Application", "2. Application", "{211CA51A-3728-4CF6-BF40-8D0D457D26BC}"
EndProject
Project("{2150E333-8FDC-42A3-9474-1A3956D46DE8}") = "3. Domain", "3. Domain", "{A28BE1F6-01A6-477C-944D-39BE755B2373}"
EndProject
Project("{2150E333-8FDC-42A3-9474-1A3956D46DE8}") = "4. Infrastructure", "4. Infrastructure", "{E61AAF16-330B-4ECB-95F9-6573162F85D9}"
EndProject
Project("{2150E333-8FDC-42A3-9474-1A3956D46DE8}") = "6. Tests", "6. Tests", "{0BFC0E50-164B-4079-ABD1-29970E4CBDCC}"
EndProject
Project("{FAE04EC0-301F-11D3-BF4B-00C04F79EFBC}") = "DonaLaura.Application.Tests", "DonaLaura.Application.Tests\DonaLaura.Application.Tests.csproj", "{EF8380A4-F2A5-4203-BE03-3BAB4DE3672F}"
EndProject
Project("{FAE04EC0-301F-11D3-BF4B-00C04F79EFBC}") = "DonaLaura.Common.Tests", "DonaLaura.Common.Tests\DonaLaura.Common.Tests.csproj", "{1596B05F-1C1E-4E42-BFA2-D7C2082EB099}"
EndProject
Project("{FAE04EC0-301F-11D3-BF4B-00C04F79EFBC}") = "DonaLaura.Domain.Tests", "DonaLaura.Domain.Tests\DonaLaura.Domain.Tests.csproj", "{01A74C55-38B6-448F-AF3B-603A68EF2B9A}"
EndProject
Project("{FAE04EC0-301F-11D3-BF4B-00C04F79EFBC}") = "DonaLaura.Infra.Tests", "DonaLaura.Infra.Tests\DonaLaura.Infra.Tests.csproj", "{A9B59882-2161-4A67-BA2B-D10C0E9DA5B0}"
EndProject
Project("{FAE04EC0-301F-11D3-BF4B-00C04F79EFBC}") = "DonaLaura.Infra.Data.Tests", "DonaLaura.Infra.Data.Tests\DonaLaura.Infra.Data.Tests.csproj", "{9FF1E321-7AC2-42D9-A32F-3F2391E64F01}"
EndProject
Project("{FAE04EC0-301F-11D3-BF4B-00C04F79EFBC}") = "DonaLaura.Integration.Tests", "DonaLaura.Integration.Tests\DonaLaura.Integration.Tests.csproj", "{BBDF3C54-FBDE-4A6A-A444-256C017C7BFC}"
EndProject
Project("{2150E333-8FDC-42A3-9474-1A3956D46DE8}") = "5. Database", "5. Database", "{19FBF99A-319A-4BC8-BACD-45FF44FC46BA}"
EndProject
Project("{FAE04EC0-301F-11D3-BF4B-00C04F79EFBC}") = "DonaLaura.Domain", "DonaLaura.Domain\DonaLaura.Domain.csproj", "{72CCFDDD-C354-48FF-A6BF-EBB6862D1B78}"
EndProject
Project("{FAE04EC0-301F-11D3-BF4B-00C04F79EFBC}") = "DonaLaura.Application", "DonaLaura.Application\DonaLaura.Application.csproj", "{1C195AA3-F435-4AA8-A142-7ED6D7D6D47D}"
EndProject
Global
	GlobalSection(SolutionConfigurationPlatforms) = preSolution
		Debug|Any CPU = Debug|Any CPU
		Release|Any CPU = Release|Any CPU
	EndGlobalSection
	GlobalSection(ProjectConfigurationPlatforms) = postSolution
		{2EEEACD0-4129-4DCD-82CC-1D409A7BE143}.Debug|Any CPU.ActiveCfg = Debug|Any CPU
		{2EEEACD0-4129-4DCD-82CC-1D409A7BE143}.Debug|Any CPU.Build.0 = Debug|Any CPU
		{2EEEACD0-4129-4DCD-82CC-1D409A7BE143}.Release|Any CPU.ActiveCfg = Release|Any CPU
		{2EEEACD0-4129-4DCD-82CC-1D409A7BE143}.Release|Any CPU.Build.0 = Release|Any CPU
		{EF8380A4-F2A5-4203-BE03-3BAB4DE3672F}.Debug|Any CPU.ActiveCfg = Debug|Any CPU
		{EF8380A4-F2A5-4203-BE03-3BAB4DE3672F}.Debug|Any CPU.Build.0 = Debug|Any CPU
		{EF8380A4-F2A5-4203-BE03-3BAB4DE3672F}.Release|Any CPU.ActiveCfg = Release|Any CPU
		{EF8380A4-F2A5-4203-BE03-3BAB4DE3672F}.Release|Any CPU.Build.0 = Release|Any CPU
		{1596B05F-1C1E-4E42-BFA2-D7C2082EB099}.Debug|Any CPU.ActiveCfg = Debug|Any CPU
		{1596B05F-1C1E-4E42-BFA2-D7C2082EB099}.Debug|Any CPU.Build.0 = Debug|Any CPU
		{1596B05F-1C1E-4E42-BFA2-D7C2082EB099}.Release|Any CPU.ActiveCfg = Release|Any CPU
		{1596B05F-1C1E-4E42-BFA2-D7C2082EB099}.Release|Any CPU.Build.0 = Release|Any CPU
		{01A74C55-38B6-448F-AF3B-603A68EF2B9A}.Debug|Any CPU.ActiveCfg = Debug|Any CPU
		{01A74C55-38B6-448F-AF3B-603A68EF2B9A}.Debug|Any CPU.Build.0 = Debug|Any CPU
		{01A74C55-38B6-448F-AF3B-603A68EF2B9A}.Release|Any CPU.ActiveCfg = Release|Any CPU
		{01A74C55-38B6-448F-AF3B-603A68EF2B9A}.Release|Any CPU.Build.0 = Release|Any CPU
		{A9B59882-2161-4A67-BA2B-D10C0E9DA5B0}.Debug|Any CPU.ActiveCfg = Debug|Any CPU
		{A9B59882-2161-4A67-BA2B-D10C0E9DA5B0}.Debug|Any CPU.Build.0 = Debug|Any CPU
		{A9B59882-2161-4A67-BA2B-D10C0E9DA5B0}.Release|Any CPU.ActiveCfg = Release|Any CPU
		{A9B59882-2161-4A67-BA2B-D10C0E9DA5B0}.Release|Any CPU.Build.0 = Release|Any CPU
		{9FF1E321-7AC2-42D9-A32F-3F2391E64F01}.Debug|Any CPU.ActiveCfg = Debug|Any CPU
		{9FF1E321-7AC2-42D9-A32F-3F2391E64F01}.Debug|Any CPU.Build.0 = Debug|Any CPU
		{9FF1E321-7AC2-42D9-A32F-3F2391E64F01}.Release|Any CPU.ActiveCfg = Release|Any CPU
		{9FF1E321-7AC2-42D9-A32F-3F2391E64F01}.Release|Any CPU.Build.0 = Release|Any CPU
		{BBDF3C54-FBDE-4A6A-A444-256C017C7BFC}.Debug|Any CPU.ActiveCfg = Debug|Any CPU
		{BBDF3C54-FBDE-4A6A-A444-256C017C7BFC}.Debug|Any CPU.Build.0 = Debug|Any CPU
		{BBDF3C54-FBDE-4A6A-A444-256C017C7BFC}.Release|Any CPU.ActiveCfg = Release|Any CPU
		{BBDF3C54-FBDE-4A6A-A444-256C017C7BFC}.Release|Any CPU.Build.0 = Release|Any CPU
		{72CCFDDD-C354-48FF-A6BF-EBB6862D1B78}.Debug|Any CPU.ActiveCfg = Debug|Any CPU
		{72CCFDDD-C354-48FF-A6BF-EBB6862D1B78}.Debug|Any CPU.Build.0 = Debug|Any CPU
		{72CCFDDD-C354-48FF-A6BF-EBB6862D1B78}.Release|Any CPU.ActiveCfg = Release|Any CPU
		{72CCFDDD-C354-48FF-A6BF-EBB6862D1B78}.Release|Any CPU.Build.0 = Release|Any CPU
		{1C195AA3-F435-4AA8-A142-7ED6D7D6D47D}.Debug|Any CPU.ActiveCfg = Debug|Any CPU
		{1C195AA3-F435-4AA8-A142-7ED6D7D6D47D}.Debug|Any CPU.Build.0 = Debug|Any CPU
		{1C195AA3-F435-4AA8-A142-7ED6D7D6D47D}.Release|Any CPU.ActiveCfg = Release|Any CPU
		{1C195AA3-F435-4AA8-A142-7ED6D7D6D47D}.Release|Any CPU.Build.0 = Release|Any CPU
	EndGlobalSection
	GlobalSection(SolutionProperties) = preSolution
		HideSolutionNode = FALSE
	EndGlobalSection
	GlobalSection(NestedProjects) = preSolution
		{2EEEACD0-4129-4DCD-82CC-1D409A7BE143} = {11A7BF42-4A27-4B97-906C-D55C7E703B1D}
		{EF8380A4-F2A5-4203-BE03-3BAB4DE3672F} = {0BFC0E50-164B-4079-ABD1-29970E4CBDCC}
		{1596B05F-1C1E-4E42-BFA2-D7C2082EB099} = {0BFC0E50-164B-4079-ABD1-29970E4CBDCC}
		{01A74C55-38B6-448F-AF3B-603A68EF2B9A} = {0BFC0E50-164B-4079-ABD1-29970E4CBDCC}
		{A9B59882-2161-4A67-BA2B-D10C0E9DA5B0} = {0BFC0E50-164B-4079-ABD1-29970E4CBDCC}
		{9FF1E321-7AC2-42D9-A32F-3F2391E64F01} = {0BFC0E50-164B-4079-ABD1-29970E4CBDCC}
		{BBDF3C54-FBDE-4A6A-A444-256C017C7BFC} = {0BFC0E50-164B-4079-ABD1-29970E4CBDCC}
		{72CCFDDD-C354-48FF-A6BF-EBB6862D1B78} = {A28BE1F6-01A6-477C-944D-39BE755B2373}
		{1C195AA3-F435-4AA8-A142-7ED6D7D6D47D} = {211CA51A-3728-4CF6-BF40-8D0D457D26BC}
	EndGlobalSection
	GlobalSection(ExtensibilityGlobals) = postSolution
		SolutionGuid = {C608142C-924D-4BCC-B842-5C8315FF7B11}
	EndGlobalSection
EndGlobal
