
Microsoft Visual Studio Solution File, Format Version 12.00
# Visual Studio 15
VisualStudioVersion = 15.0.27428.2005
MinimumVisualStudioVersion = 10.0.40219.1
Project("{FAE04EC0-301F-11D3-BF4B-00C04F79EFBC}") = "Anderson.MF7.API", "Anderson.MF7\Anderson.MF7.API.csproj", "{85496FD7-38E0-472A-8BA7-6C037DC1DFCB}"
EndProject
Project("{2150E333-8FDC-42A3-9474-1A3956D46DE8}") = "1. Distributed Services", "1. Distributed Services", "{B28CEEAF-86F4-4192-B1DF-598561414B39}"
EndProject
Project("{2150E333-8FDC-42A3-9474-1A3956D46DE8}") = "2. Application", "2. Application", "{B2C346A1-1EC9-4302-8D51-AD1AF7F14EE0}"
EndProject
Project("{2150E333-8FDC-42A3-9474-1A3956D46DE8}") = "3. Domain", "3. Domain", "{2699BA8C-C805-4F14-B7EC-A902EC5AF6D0}"
EndProject
Project("{2150E333-8FDC-42A3-9474-1A3956D46DE8}") = "4. Infrastructure", "4. Infrastructure", "{737AB810-7B9B-4607-B951-7A79B4272CD4}"
EndProject
Project("{2150E333-8FDC-42A3-9474-1A3956D46DE8}") = "Tests", "Tests", "{C00784D1-C6B7-44A8-9B93-867CDD9D1F83}"
EndProject
Project("{FAE04EC0-301F-11D3-BF4B-00C04F79EFBC}") = "Anderson.MF7.Infra", "Anderson.MF7.Infra\Anderson.MF7.Infra.csproj", "{E529EA8C-410A-4FB0-A676-5707763D3023}"
EndProject
Project("{FAE04EC0-301F-11D3-BF4B-00C04F79EFBC}") = "Anderson.MF7.Application", "Anderson.MF7.Application\Anderson.MF7.Application.csproj", "{D745A42A-37CE-4CFE-AE64-EDD7BF17E8E2}"
EndProject
Project("{FAE04EC0-301F-11D3-BF4B-00C04F79EFBC}") = "Anderson.MF7.Domain", "Anderson.MF7.Domain\Anderson.MF7.Domain.csproj", "{CD0D7F8F-5452-4077-9A47-EEE94904DB7D}"
EndProject
Project("{FAE04EC0-301F-11D3-BF4B-00C04F79EFBC}") = "Anderson.MF7.Infra.ORM", "Anderson.MF7.Infra.ORM\Anderson.MF7.Infra.ORM.csproj", "{7E4F1887-3CCB-42C9-8A2A-125D8620A044}"
EndProject
Project("{FAE04EC0-301F-11D3-BF4B-00C04F79EFBC}") = "Anderson.MF7.Application.Tests", "Anderson.MF7.Application.Tests\Anderson.MF7.Application.Tests.csproj", "{691D856D-4EF3-4482-B482-1FD6AE9A48AB}"
EndProject
Project("{FAE04EC0-301F-11D3-BF4B-00C04F79EFBC}") = "Anderson.MF7.Common.Tests", "Anderson.MF7.Common.Tests\Anderson.MF7.Common.Tests.csproj", "{DCE49185-D576-40AB-8799-4A9BA925E66C}"
EndProject
Project("{FAE04EC0-301F-11D3-BF4B-00C04F79EFBC}") = "Anderson.MF7.Controller.Tests", "Anderson.MF7.Controller.Tests\Anderson.MF7.Controller.Tests.csproj", "{E016BF48-1FF1-4F75-AB1C-B151D78403DD}"
EndProject
Project("{FAE04EC0-301F-11D3-BF4B-00C04F79EFBC}") = "Anderson.MF7.Domain.Tests", "Anderson.MF7.Domain.Tests\Anderson.MF7.Domain.Tests.csproj", "{12FCEFA3-8D26-4D33-97EE-116E8393FA52}"
EndProject
Project("{FAE04EC0-301F-11D3-BF4B-00C04F79EFBC}") = "Anderson.MF7.Infra.ORM.Tests", "Anderson.MF7.Infra.ORM.Tests\Anderson.MF7.Infra.ORM.Tests.csproj", "{DAD060BB-510A-4C60-B2F2-8F8D4741494D}"
EndProject
Global
	GlobalSection(SolutionConfigurationPlatforms) = preSolution
		Debug|Any CPU = Debug|Any CPU
		Release|Any CPU = Release|Any CPU
	EndGlobalSection
	GlobalSection(ProjectConfigurationPlatforms) = postSolution
		{85496FD7-38E0-472A-8BA7-6C037DC1DFCB}.Debug|Any CPU.ActiveCfg = Debug|Any CPU
		{85496FD7-38E0-472A-8BA7-6C037DC1DFCB}.Debug|Any CPU.Build.0 = Debug|Any CPU
		{85496FD7-38E0-472A-8BA7-6C037DC1DFCB}.Release|Any CPU.ActiveCfg = Release|Any CPU
		{85496FD7-38E0-472A-8BA7-6C037DC1DFCB}.Release|Any CPU.Build.0 = Release|Any CPU
		{E529EA8C-410A-4FB0-A676-5707763D3023}.Debug|Any CPU.ActiveCfg = Debug|Any CPU
		{E529EA8C-410A-4FB0-A676-5707763D3023}.Debug|Any CPU.Build.0 = Debug|Any CPU
		{E529EA8C-410A-4FB0-A676-5707763D3023}.Release|Any CPU.ActiveCfg = Release|Any CPU
		{E529EA8C-410A-4FB0-A676-5707763D3023}.Release|Any CPU.Build.0 = Release|Any CPU
		{D745A42A-37CE-4CFE-AE64-EDD7BF17E8E2}.Debug|Any CPU.ActiveCfg = Debug|Any CPU
		{D745A42A-37CE-4CFE-AE64-EDD7BF17E8E2}.Debug|Any CPU.Build.0 = Debug|Any CPU
		{D745A42A-37CE-4CFE-AE64-EDD7BF17E8E2}.Release|Any CPU.ActiveCfg = Release|Any CPU
		{D745A42A-37CE-4CFE-AE64-EDD7BF17E8E2}.Release|Any CPU.Build.0 = Release|Any CPU
		{CD0D7F8F-5452-4077-9A47-EEE94904DB7D}.Debug|Any CPU.ActiveCfg = Debug|Any CPU
		{CD0D7F8F-5452-4077-9A47-EEE94904DB7D}.Debug|Any CPU.Build.0 = Debug|Any CPU
		{CD0D7F8F-5452-4077-9A47-EEE94904DB7D}.Release|Any CPU.ActiveCfg = Release|Any CPU
		{CD0D7F8F-5452-4077-9A47-EEE94904DB7D}.Release|Any CPU.Build.0 = Release|Any CPU
		{7E4F1887-3CCB-42C9-8A2A-125D8620A044}.Debug|Any CPU.ActiveCfg = Debug|Any CPU
		{7E4F1887-3CCB-42C9-8A2A-125D8620A044}.Debug|Any CPU.Build.0 = Debug|Any CPU
		{7E4F1887-3CCB-42C9-8A2A-125D8620A044}.Release|Any CPU.ActiveCfg = Release|Any CPU
		{7E4F1887-3CCB-42C9-8A2A-125D8620A044}.Release|Any CPU.Build.0 = Release|Any CPU
		{691D856D-4EF3-4482-B482-1FD6AE9A48AB}.Debug|Any CPU.ActiveCfg = Debug|Any CPU
		{691D856D-4EF3-4482-B482-1FD6AE9A48AB}.Debug|Any CPU.Build.0 = Debug|Any CPU
		{691D856D-4EF3-4482-B482-1FD6AE9A48AB}.Release|Any CPU.ActiveCfg = Release|Any CPU
		{691D856D-4EF3-4482-B482-1FD6AE9A48AB}.Release|Any CPU.Build.0 = Release|Any CPU
		{DCE49185-D576-40AB-8799-4A9BA925E66C}.Debug|Any CPU.ActiveCfg = Debug|Any CPU
		{DCE49185-D576-40AB-8799-4A9BA925E66C}.Debug|Any CPU.Build.0 = Debug|Any CPU
		{DCE49185-D576-40AB-8799-4A9BA925E66C}.Release|Any CPU.ActiveCfg = Release|Any CPU
		{DCE49185-D576-40AB-8799-4A9BA925E66C}.Release|Any CPU.Build.0 = Release|Any CPU
		{E016BF48-1FF1-4F75-AB1C-B151D78403DD}.Debug|Any CPU.ActiveCfg = Debug|Any CPU
		{E016BF48-1FF1-4F75-AB1C-B151D78403DD}.Debug|Any CPU.Build.0 = Debug|Any CPU
		{E016BF48-1FF1-4F75-AB1C-B151D78403DD}.Release|Any CPU.ActiveCfg = Release|Any CPU
		{E016BF48-1FF1-4F75-AB1C-B151D78403DD}.Release|Any CPU.Build.0 = Release|Any CPU
		{12FCEFA3-8D26-4D33-97EE-116E8393FA52}.Debug|Any CPU.ActiveCfg = Debug|Any CPU
		{12FCEFA3-8D26-4D33-97EE-116E8393FA52}.Debug|Any CPU.Build.0 = Debug|Any CPU
		{12FCEFA3-8D26-4D33-97EE-116E8393FA52}.Release|Any CPU.ActiveCfg = Release|Any CPU
		{12FCEFA3-8D26-4D33-97EE-116E8393FA52}.Release|Any CPU.Build.0 = Release|Any CPU
		{DAD060BB-510A-4C60-B2F2-8F8D4741494D}.Debug|Any CPU.ActiveCfg = Debug|Any CPU
		{DAD060BB-510A-4C60-B2F2-8F8D4741494D}.Debug|Any CPU.Build.0 = Debug|Any CPU
		{DAD060BB-510A-4C60-B2F2-8F8D4741494D}.Release|Any CPU.ActiveCfg = Release|Any CPU
		{DAD060BB-510A-4C60-B2F2-8F8D4741494D}.Release|Any CPU.Build.0 = Release|Any CPU
	EndGlobalSection
	GlobalSection(SolutionProperties) = preSolution
		HideSolutionNode = FALSE
	EndGlobalSection
	GlobalSection(NestedProjects) = preSolution
		{85496FD7-38E0-472A-8BA7-6C037DC1DFCB} = {B28CEEAF-86F4-4192-B1DF-598561414B39}
		{E529EA8C-410A-4FB0-A676-5707763D3023} = {737AB810-7B9B-4607-B951-7A79B4272CD4}
		{D745A42A-37CE-4CFE-AE64-EDD7BF17E8E2} = {B2C346A1-1EC9-4302-8D51-AD1AF7F14EE0}
		{CD0D7F8F-5452-4077-9A47-EEE94904DB7D} = {2699BA8C-C805-4F14-B7EC-A902EC5AF6D0}
		{7E4F1887-3CCB-42C9-8A2A-125D8620A044} = {737AB810-7B9B-4607-B951-7A79B4272CD4}
		{691D856D-4EF3-4482-B482-1FD6AE9A48AB} = {C00784D1-C6B7-44A8-9B93-867CDD9D1F83}
		{DCE49185-D576-40AB-8799-4A9BA925E66C} = {C00784D1-C6B7-44A8-9B93-867CDD9D1F83}
		{E016BF48-1FF1-4F75-AB1C-B151D78403DD} = {C00784D1-C6B7-44A8-9B93-867CDD9D1F83}
		{12FCEFA3-8D26-4D33-97EE-116E8393FA52} = {C00784D1-C6B7-44A8-9B93-867CDD9D1F83}
		{DAD060BB-510A-4C60-B2F2-8F8D4741494D} = {C00784D1-C6B7-44A8-9B93-867CDD9D1F83}
	EndGlobalSection
	GlobalSection(ExtensibilityGlobals) = postSolution
		SolutionGuid = {3B29E7FA-3040-42F6-AE69-91E682F88D66}
	EndGlobalSection
EndGlobal
